
Microsoft Visual Studio Solution File, Format Version 12.00
# Visual Studio Version 17
VisualStudioVersion = 17.0.32014.148
MinimumVisualStudioVersion = 10.0.40219.1
Project("{9A19103F-16F7-4668-BE54-9A1E7A4F7556}") = "API", "API\API.csproj", "{004A0390-F18A-4F23-B4AE-B2D31606B9DC}"
EndProject
Project("{9A19103F-16F7-4668-BE54-9A1E7A4F7556}") = "API-UnitTest-xUnit", "API-UnitTest-xUnit\API-UnitTest-xUnit.csproj", "{5EFACA81-C14C-4D6A-A4BA-6418183D5761}"
EndProject
Global
	GlobalSection(SolutionConfigurationPlatforms) = preSolution
		Debug|Any CPU = Debug|Any CPU
		Release|Any CPU = Release|Any CPU
	EndGlobalSection
	GlobalSection(ProjectConfigurationPlatforms) = postSolution
		{004A0390-F18A-4F23-B4AE-B2D31606B9DC}.Debug|Any CPU.ActiveCfg = Debug|Any CPU
		{004A0390-F18A-4F23-B4AE-B2D31606B9DC}.Debug|Any CPU.Build.0 = Debug|Any CPU
		{004A0390-F18A-4F23-B4AE-B2D31606B9DC}.Release|Any CPU.ActiveCfg = Release|Any CPU
		{004A0390-F18A-4F23-B4AE-B2D31606B9DC}.Release|Any CPU.Build.0 = Release|Any CPU
		{5EFACA81-C14C-4D6A-A4BA-6418183D5761}.Debug|Any CPU.ActiveCfg = Debug|Any CPU
		{5EFACA81-C14C-4D6A-A4BA-6418183D5761}.Debug|Any CPU.Build.0 = Debug|Any CPU
		{5EFACA81-C14C-4D6A-A4BA-6418183D5761}.Release|Any CPU.ActiveCfg = Release|Any CPU
		{5EFACA81-C14C-4D6A-A4BA-6418183D5761}.Release|Any CPU.Build.0 = Release|Any CPU
	EndGlobalSection
	GlobalSection(SolutionProperties) = preSolution
		HideSolutionNode = FALSE
	EndGlobalSection
	GlobalSection(ExtensibilityGlobals) = postSolution
		SolutionGuid = {9D2DFBE5-AC85-4A6C-A274-F87DD61EF48D}
	EndGlobalSection
EndGlobal
